// !$*UTF8*$!
{
	archiveVersion = 1;
	classes = {
	};
	objectVersion = 56;
	objects = {

/* Begin PBXBuildFile section */
		A4C07A8A292D114A00017FD0 /* AppDelegate.swift in Sources */ = {isa = PBXBuildFile; fileRef = A4C07A89292D114A00017FD0 /* AppDelegate.swift */; };
		A4C07A8C292D114A00017FD0 /* SceneDelegate.swift in Sources */ = {isa = PBXBuildFile; fileRef = A4C07A8B292D114A00017FD0 /* SceneDelegate.swift */; };
		A4C07A8E292D114A00017FD0 /* ViewController.swift in Sources */ = {isa = PBXBuildFile; fileRef = A4C07A8D292D114A00017FD0 /* ViewController.swift */; };
		A4C07A91292D114A00017FD0 /* Main.storyboard in Resources */ = {isa = PBXBuildFile; fileRef = A4C07A8F292D114A00017FD0 /* Main.storyboard */; };
		A4C07A93292D114C00017FD0 /* Assets.xcassets in Resources */ = {isa = PBXBuildFile; fileRef = A4C07A92292D114C00017FD0 /* Assets.xcassets */; };
		A4C07A96292D114C00017FD0 /* LaunchScreen.storyboard in Resources */ = {isa = PBXBuildFile; fileRef = A4C07A94292D114C00017FD0 /* LaunchScreen.storyboard */; };
		A4C07AA1292D114C00017FD0 /* BMI_CalculatorTests.swift in Sources */ = {isa = PBXBuildFile; fileRef = A4C07AA0292D114C00017FD0 /* BMI_CalculatorTests.swift */; };
		A4C07AAB292D114C00017FD0 /* BMI_CalculatorUITests.swift in Sources */ = {isa = PBXBuildFile; fileRef = A4C07AAA292D114C00017FD0 /* BMI_CalculatorUITests.swift */; };
		A4C07AAD292D114C00017FD0 /* BMI_CalculatorUITestsLaunchTests.swift in Sources */ = {isa = PBXBuildFile; fileRef = A4C07AAC292D114C00017FD0 /* BMI_CalculatorUITestsLaunchTests.swift */; };
/* End PBXBuildFile section */

/* Begin PBXContainerItemProxy section */
		A4C07A9D292D114C00017FD0 /* PBXContainerItemProxy */ = {
			isa = PBXContainerItemProxy;
			containerPortal = A4C07A7E292D114A00017FD0 /* Project object */;
			proxyType = 1;
			remoteGlobalIDString = A4C07A85292D114A00017FD0;
			remoteInfo = "BMI Calculator";
		};
		A4C07AA7292D114C00017FD0 /* PBXContainerItemProxy */ = {
			isa = PBXContainerItemProxy;
			containerPortal = A4C07A7E292D114A00017FD0 /* Project object */;
			proxyType = 1;
			remoteGlobalIDString = A4C07A85292D114A00017FD0;
			remoteInfo = "BMI Calculator";
		};
/* End PBXContainerItemProxy section */

/* Begin PBXFileReference section */
		A4C07A86292D114A00017FD0 /* BMI Calculator.app */ = {isa = PBXFileReference; explicitFileType = wrapper.application; includeInIndex = 0; path = "BMI Calculator.app"; sourceTree = BUILT_PRODUCTS_DIR; };
		A4C07A89292D114A00017FD0 /* AppDelegate.swift */ = {isa = PBXFileReference; lastKnownFileType = sourcecode.swift; path = AppDelegate.swift; sourceTree = "<group>"; };
		A4C07A8B292D114A00017FD0 /* SceneDelegate.swift */ = {isa = PBXFileReference; lastKnownFileType = sourcecode.swift; path = SceneDelegate.swift; sourceTree = "<group>"; };
		A4C07A8D292D114A00017FD0 /* ViewController.swift */ = {isa = PBXFileReference; lastKnownFileType = sourcecode.swift; path = ViewController.swift; sourceTree = "<group>"; };
		A4C07A90292D114A00017FD0 /* Base */ = {isa = PBXFileReference; lastKnownFileType = file.storyboard; name = Base; path = Base.lproj/Main.storyboard; sourceTree = "<group>"; };
		A4C07A92292D114C00017FD0 /* Assets.xcassets */ = {isa = PBXFileReference; lastKnownFileType = folder.assetcatalog; path = Assets.xcassets; sourceTree = "<group>"; };
		A4C07A95292D114C00017FD0 /* Base */ = {isa = PBXFileReference; lastKnownFileType = file.storyboard; name = Base; path = Base.lproj/LaunchScreen.storyboard; sourceTree = "<group>"; };
		A4C07A97292D114C00017FD0 /* Info.plist */ = {isa = PBXFileReference; lastKnownFileType = text.plist.xml; path = Info.plist; sourceTree = "<group>"; };
		A4C07A9C292D114C00017FD0 /* BMI CalculatorTests.xctest */ = {isa = PBXFileReference; explicitFileType = wrapper.cfbundle; includeInIndex = 0; path = "BMI CalculatorTests.xctest"; sourceTree = BUILT_PRODUCTS_DIR; };
		A4C07AA0292D114C00017FD0 /* BMI_CalculatorTests.swift */ = {isa = PBXFileReference; lastKnownFileType = sourcecode.swift; path = BMI_CalculatorTests.swift; sourceTree = "<group>"; };
		A4C07AA6292D114C00017FD0 /* BMI CalculatorUITests.xctest */ = {isa = PBXFileReference; explicitFileType = wrapper.cfbundle; includeInIndex = 0; path = "BMI CalculatorUITests.xctest"; sourceTree = BUILT_PRODUCTS_DIR; };
		A4C07AAA292D114C00017FD0 /* BMI_CalculatorUITests.swift */ = {isa = PBXFileReference; lastKnownFileType = sourcecode.swift; path = BMI_CalculatorUITests.swift; sourceTree = "<group>"; };
		A4C07AAC292D114C00017FD0 /* BMI_CalculatorUITestsLaunchTests.swift */ = {isa = PBXFileReference; lastKnownFileType = sourcecode.swift; path = BMI_CalculatorUITestsLaunchTests.swift; sourceTree = "<group>"; };
/* End PBXFileReference section */

/* Begin PBXFrameworksBuildPhase section */
		A4C07A83292D114A00017FD0 /* Frameworks */ = {
			isa = PBXFrameworksBuildPhase;
			buildActionMask = 2147483647;
			files = (
			);
			runOnlyForDeploymentPostprocessing = 0;
		};
		A4C07A99292D114C00017FD0 /* Frameworks */ = {
			isa = PBXFrameworksBuildPhase;
			buildActionMask = 2147483647;
			files = (
			);
			runOnlyForDeploymentPostprocessing = 0;
		};
		A4C07AA3292D114C00017FD0 /* Frameworks */ = {
			isa = PBXFrameworksBuildPhase;
			buildActionMask = 2147483647;
			files = (
			);
			runOnlyForDeploymentPostprocessing = 0;
		};
/* End PBXFrameworksBuildPhase section */

/* Begin PBXGroup section */
		A4C07A7D292D114A00017FD0 = {
			isa = PBXGroup;
			children = (
				A4C07A88292D114A00017FD0 /* BMI Calculator */,
				A4C07A9F292D114C00017FD0 /* BMI CalculatorTests */,
				A4C07AA9292D114C00017FD0 /* BMI CalculatorUITests */,
				A4C07A87292D114A00017FD0 /* Products */,
			);
			sourceTree = "<group>";
		};
		A4C07A87292D114A00017FD0 /* Products */ = {
			isa = PBXGroup;
			children = (
				A4C07A86292D114A00017FD0 /* BMI Calculator.app */,
				A4C07A9C292D114C00017FD0 /* BMI CalculatorTests.xctest */,
				A4C07AA6292D114C00017FD0 /* BMI CalculatorUITests.xctest */,
			);
			name = Products;
			sourceTree = "<group>";
		};
		A4C07A88292D114A00017FD0 /* BMI Calculator */ = {
			isa = PBXGroup;
			children = (
				A4C07A89292D114A00017FD0 /* AppDelegate.swift */,
				A4C07A8B292D114A00017FD0 /* SceneDelegate.swift */,
				A4C07A8D292D114A00017FD0 /* ViewController.swift */,
				A4C07A8F292D114A00017FD0 /* Main.storyboard */,
				A4C07A92292D114C00017FD0 /* Assets.xcassets */,
				A4C07A94292D114C00017FD0 /* LaunchScreen.storyboard */,
				A4C07A97292D114C00017FD0 /* Info.plist */,
			);
			path = "BMI Calculator";
			sourceTree = "<group>";
		};
		A4C07A9F292D114C00017FD0 /* BMI CalculatorTests */ = {
			isa = PBXGroup;
			children = (
				A4C07AA0292D114C00017FD0 /* BMI_CalculatorTests.swift */,
			);
			path = "BMI CalculatorTests";
			sourceTree = "<group>";
		};
		A4C07AA9292D114C00017FD0 /* BMI CalculatorUITests */ = {
			isa = PBXGroup;
			children = (
				A4C07AAA292D114C00017FD0 /* BMI_CalculatorUITests.swift */,
				A4C07AAC292D114C00017FD0 /* BMI_CalculatorUITestsLaunchTests.swift */,
			);
			path = "BMI CalculatorUITests";
			sourceTree = "<group>";
		};
/* End PBXGroup section */

/* Begin PBXNativeTarget section */
		A4C07A85292D114A00017FD0 /* BMI Calculator */ = {
			isa = PBXNativeTarget;
			buildConfigurationList = A4C07AB0292D114C00017FD0 /* Build configuration list for PBXNativeTarget "BMI Calculator" */;
			buildPhases = (
				A4C07A82292D114A00017FD0 /* Sources */,
				A4C07A83292D114A00017FD0 /* Frameworks */,
				A4C07A84292D114A00017FD0 /* Resources */,
			);
			buildRules = (
			);
			dependencies = (
			);
			name = "BMI Calculator";
			productName = "BMI Calculator";
			productReference = A4C07A86292D114A00017FD0 /* BMI Calculator.app */;
			productType = "com.apple.product-type.application";
		};
		A4C07A9B292D114C00017FD0 /* BMI CalculatorTests */ = {
			isa = PBXNativeTarget;
			buildConfigurationList = A4C07AB3292D114C00017FD0 /* Build configuration list for PBXNativeTarget "BMI CalculatorTests" */;
			buildPhases = (
				A4C07A98292D114C00017FD0 /* Sources */,
				A4C07A99292D114C00017FD0 /* Frameworks */,
				A4C07A9A292D114C00017FD0 /* Resources */,
			);
			buildRules = (
			);
			dependencies = (
				A4C07A9E292D114C00017FD0 /* PBXTargetDependency */,
			);
			name = "BMI CalculatorTests";
			productName = "BMI CalculatorTests";
			productReference = A4C07A9C292D114C00017FD0 /* BMI CalculatorTests.xctest */;
			productType = "com.apple.product-type.bundle.unit-test";
		};
		A4C07AA5292D114C00017FD0 /* BMI CalculatorUITests */ = {
			isa = PBXNativeTarget;
			buildConfigurationList = A4C07AB6292D114C00017FD0 /* Build configuration list for PBXNativeTarget "BMI CalculatorUITests" */;
			buildPhases = (
				A4C07AA2292D114C00017FD0 /* Sources */,
				A4C07AA3292D114C00017FD0 /* Frameworks */,
				A4C07AA4292D114C00017FD0 /* Resources */,
			);
			buildRules = (
			);
			dependencies = (
				A4C07AA8292D114C00017FD0 /* PBXTargetDependency */,
			);
			name = "BMI CalculatorUITests";
			productName = "BMI CalculatorUITests";
			productReference = A4C07AA6292D114C00017FD0 /* BMI CalculatorUITests.xctest */;
			productType = "com.apple.product-type.bundle.ui-testing";
		};
/* End PBXNativeTarget section */

/* Begin PBXProject section */
		A4C07A7E292D114A00017FD0 /* Project object */ = {
			isa = PBXProject;
			attributes = {
				BuildIndependentTargetsInParallel = 1;
				LastSwiftUpdateCheck = 1410;
				LastUpgradeCheck = 1410;
				TargetAttributes = {
					A4C07A85292D114A00017FD0 = {
						CreatedOnToolsVersion = 14.1;
					};
					A4C07A9B292D114C00017FD0 = {
						CreatedOnToolsVersion = 14.1;
						TestTargetID = A4C07A85292D114A00017FD0;
					};
					A4C07AA5292D114C00017FD0 = {
						CreatedOnToolsVersion = 14.1;
						TestTargetID = A4C07A85292D114A00017FD0;
					};
				};
			};
			buildConfigurationList = A4C07A81292D114A00017FD0 /* Build configuration list for PBXProject "BMI Calculator" */;
			compatibilityVersion = "Xcode 14.0";
			developmentRegion = en;
			hasScannedForEncodings = 0;
			knownRegions = (
				en,
				Base,
			);
			mainGroup = A4C07A7D292D114A00017FD0;
			productRefGroup = A4C07A87292D114A00017FD0 /* Products */;
			projectDirPath = "";
			projectRoot = "";
			targets = (
				A4C07A85292D114A00017FD0 /* BMI Calculator */,
				A4C07A9B292D114C00017FD0 /* BMI CalculatorTests */,
				A4C07AA5292D114C00017FD0 /* BMI CalculatorUITests */,
			);
		};
/* End PBXProject section */

/* Begin PBXResourcesBuildPhase section */
		A4C07A84292D114A00017FD0 /* Resources */ = {
			isa = PBXResourcesBuildPhase;
			buildActionMask = 2147483647;
			files = (
				A4C07A96292D114C00017FD0 /* LaunchScreen.storyboard in Resources */,
				A4C07A93292D114C00017FD0 /* Assets.xcassets in Resources */,
				A4C07A91292D114A00017FD0 /* Main.storyboard in Resources */,
			);
			runOnlyForDeploymentPostprocessing = 0;
		};
		A4C07A9A292D114C00017FD0 /* Resources */ = {
			isa = PBXResourcesBuildPhase;
			buildActionMask = 2147483647;
			files = (
			);
			runOnlyForDeploymentPostprocessing = 0;
		};
		A4C07AA4292D114C00017FD0 /* Resources */ = {
			isa = PBXResourcesBuildPhase;
			buildActionMask = 2147483647;
			files = (
			);
			runOnlyForDeploymentPostprocessing = 0;
		};
/* End PBXResourcesBuildPhase section */

/* Begin PBXSourcesBuildPhase section */
		A4C07A82292D114A00017FD0 /* Sources */ = {
			isa = PBXSourcesBuildPhase;
			buildActionMask = 2147483647;
			files = (
				A4C07A8E292D114A00017FD0 /* ViewController.swift in Sources */,
				A4C07A8A292D114A00017FD0 /* AppDelegate.swift in Sources */,
				A4C07A8C292D114A00017FD0 /* SceneDelegate.swift in Sources */,
			);
			runOnlyForDeploymentPostprocessing = 0;
		};
		A4C07A98292D114C00017FD0 /* Sources */ = {
			isa = PBXSourcesBuildPhase;
			buildActionMask = 2147483647;
			files = (
				A4C07AA1292D114C00017FD0 /* BMI_CalculatorTests.swift in Sources */,
			);
			runOnlyForDeploymentPostprocessing = 0;
		};
		A4C07AA2292D114C00017FD0 /* Sources */ = {
			isa = PBXSourcesBuildPhase;
			buildActionMask = 2147483647;
			files = (
				A4C07AAB292D114C00017FD0 /* BMI_CalculatorUITests.swift in Sources */,
				A4C07AAD292D114C00017FD0 /* BMI_CalculatorUITestsLaunchTests.swift in Sources */,
			);
			runOnlyForDeploymentPostprocessing = 0;
		};
/* End PBXSourcesBuildPhase section */

/* Begin PBXTargetDependency section */
		A4C07A9E292D114C00017FD0 /* PBXTargetDependency */ = {
			isa = PBXTargetDependency;
			target = A4C07A85292D114A00017FD0 /* BMI Calculator */;
			targetProxy = A4C07A9D292D114C00017FD0 /* PBXContainerItemProxy */;
		};
		A4C07AA8292D114C00017FD0 /* PBXTargetDependency */ = {
			isa = PBXTargetDependency;
			target = A4C07A85292D114A00017FD0 /* BMI Calculator */;
			targetProxy = A4C07AA7292D114C00017FD0 /* PBXContainerItemProxy */;
		};
/* End PBXTargetDependency section */

/* Begin PBXVariantGroup section */
		A4C07A8F292D114A00017FD0 /* Main.storyboard */ = {
			isa = PBXVariantGroup;
			children = (
				A4C07A90292D114A00017FD0 /* Base */,
			);
			name = Main.storyboard;
			sourceTree = "<group>";
		};
		A4C07A94292D114C00017FD0 /* LaunchScreen.storyboard */ = {
			isa = PBXVariantGroup;
			children = (
				A4C07A95292D114C00017FD0 /* Base */,
			);
			name = LaunchScreen.storyboard;
			sourceTree = "<group>";
		};
/* End PBXVariantGroup section */

/* Begin XCBuildConfiguration section */
		A4C07AAE292D114C00017FD0 /* Debug */ = {
			isa = XCBuildConfiguration;
			buildSettings = {
				ALWAYS_SEARCH_USER_PATHS = NO;
				CLANG_ANALYZER_NONNULL = YES;
				CLANG_ANALYZER_NUMBER_OBJECT_CONVERSION = YES_AGGRESSIVE;
				CLANG_CXX_LANGUAGE_STANDARD = "gnu++20";
				CLANG_ENABLE_MODULES = YES;
				CLANG_ENABLE_OBJC_ARC = YES;
				CLANG_ENABLE_OBJC_WEAK = YES;
				CLANG_WARN_BLOCK_CAPTURE_AUTORELEASING = YES;
				CLANG_WARN_BOOL_CONVERSION = YES;
				CLANG_WARN_COMMA = YES;
				CLANG_WARN_CONSTANT_CONVERSION = YES;
				CLANG_WARN_DEPRECATED_OBJC_IMPLEMENTATIONS = YES;
				CLANG_WARN_DIRECT_OBJC_ISA_USAGE = YES_ERROR;
				CLANG_WARN_DOCUMENTATION_COMMENTS = YES;
				CLANG_WARN_EMPTY_BODY = YES;
				CLANG_WARN_ENUM_CONVERSION = YES;
				CLANG_WARN_INFINITE_RECURSION = YES;
				CLANG_WARN_INT_CONVERSION = YES;
				CLANG_WARN_NON_LITERAL_NULL_CONVERSION = YES;
				CLANG_WARN_OBJC_IMPLICIT_RETAIN_SELF = YES;
				CLANG_WARN_OBJC_LITERAL_CONVERSION = YES;
				CLANG_WARN_OBJC_ROOT_CLASS = YES_ERROR;
				CLANG_WARN_QUOTED_INCLUDE_IN_FRAMEWORK_HEADER = YES;
				CLANG_WARN_RANGE_LOOP_ANALYSIS = YES;
				CLANG_WARN_STRICT_PROTOTYPES = YES;
				CLANG_WARN_SUSPICIOUS_MOVE = YES;
				CLANG_WARN_UNGUARDED_AVAILABILITY = YES_AGGRESSIVE;
				CLANG_WARN_UNREACHABLE_CODE = YES;
				CLANG_WARN__DUPLICATE_METHOD_MATCH = YES;
				COPY_PHASE_STRIP = NO;
				DEBUG_INFORMATION_FORMAT = dwarf;
				ENABLE_STRICT_OBJC_MSGSEND = YES;
				ENABLE_TESTABILITY = YES;
				GCC_C_LANGUAGE_STANDARD = gnu11;
				GCC_DYNAMIC_NO_PIC = NO;
				GCC_NO_COMMON_BLOCKS = YES;
				GCC_OPTIMIZATION_LEVEL = 0;
				GCC_PREPROCESSOR_DEFINITIONS = (
					"DEBUG=1",
					"$(inherited)",
				);
				GCC_WARN_64_TO_32_BIT_CONVERSION = YES;
				GCC_WARN_ABOUT_RETURN_TYPE = YES_ERROR;
				GCC_WARN_UNDECLARED_SELECTOR = YES;
				GCC_WARN_UNINITIALIZED_AUTOS = YES_AGGRESSIVE;
				GCC_WARN_UNUSED_FUNCTION = YES;
				GCC_WARN_UNUSED_VARIABLE = YES;
				IPHONEOS_DEPLOYMENT_TARGET = 16.1;
				MTL_ENABLE_DEBUG_INFO = INCLUDE_SOURCE;
				MTL_FAST_MATH = YES;
				ONLY_ACTIVE_ARCH = YES;
				SDKROOT = iphoneos;
				SWIFT_ACTIVE_COMPILATION_CONDITIONS = DEBUG;
				SWIFT_OPTIMIZATION_LEVEL = "-Onone";
			};
			name = Debug;
		};
		A4C07AAF292D114C00017FD0 /* Release */ = {
			isa = XCBuildConfiguration;
			buildSettings = {
				ALWAYS_SEARCH_USER_PATHS = NO;
				CLANG_ANALYZER_NONNULL = YES;
				CLANG_ANALYZER_NUMBER_OBJECT_CONVERSION = YES_AGGRESSIVE;
				CLANG_CXX_LANGUAGE_STANDARD = "gnu++20";
				CLANG_ENABLE_MODULES = YES;
				CLANG_ENABLE_OBJC_ARC = YES;
				CLANG_ENABLE_OBJC_WEAK = YES;
				CLANG_WARN_BLOCK_CAPTURE_AUTORELEASING = YES;
				CLANG_WARN_BOOL_CONVERSION = YES;
				CLANG_WARN_COMMA = YES;
				CLANG_WARN_CONSTANT_CONVERSION = YES;
				CLANG_WARN_DEPRECATED_OBJC_IMPLEMENTATIONS = YES;
				CLANG_WARN_DIRECT_OBJC_ISA_USAGE = YES_ERROR;
				CLANG_WARN_DOCUMENTATION_COMMENTS = YES;
				CLANG_WARN_EMPTY_BODY = YES;
				CLANG_WARN_ENUM_CONVERSION = YES;
				CLANG_WARN_INFINITE_RECURSION = YES;
				CLANG_WARN_INT_CONVERSION = YES;
				CLANG_WARN_NON_LITERAL_NULL_CONVERSION = YES;
				CLANG_WARN_OBJC_IMPLICIT_RETAIN_SELF = YES;
				CLANG_WARN_OBJC_LITERAL_CONVERSION = YES;
				CLANG_WARN_OBJC_ROOT_CLASS = YES_ERROR;
				CLANG_WARN_QUOTED_INCLUDE_IN_FRAMEWORK_HEADER = YES;
				CLANG_WARN_RANGE_LOOP_ANALYSIS = YES;
				CLANG_WARN_STRICT_PROTOTYPES = YES;
				CLANG_WARN_SUSPICIOUS_MOVE = YES;
				CLANG_WARN_UNGUARDED_AVAILABILITY = YES_AGGRESSIVE;
				CLANG_WARN_UNREACHABLE_CODE = YES;
				CLANG_WARN__DUPLICATE_METHOD_MATCH = YES;
				COPY_PHASE_STRIP = NO;
				DEBUG_INFORMATION_FORMAT = "dwarf-with-dsym";
				ENABLE_NS_ASSERTIONS = NO;
				ENABLE_STRICT_OBJC_MSGSEND = YES;
				GCC_C_LANGUAGE_STANDARD = gnu11;
				GCC_NO_COMMON_BLOCKS = YES;
				GCC_WARN_64_TO_32_BIT_CONVERSION = YES;
				GCC_WARN_ABOUT_RETURN_TYPE = YES_ERROR;
				GCC_WARN_UNDECLARED_SELECTOR = YES;
				GCC_WARN_UNINITIALIZED_AUTOS = YES_AGGRESSIVE;
				GCC_WARN_UNUSED_FUNCTION = YES;
				GCC_WARN_UNUSED_VARIABLE = YES;
				IPHONEOS_DEPLOYMENT_TARGET = 16.1;
				MTL_ENABLE_DEBUG_INFO = NO;
				MTL_FAST_MATH = YES;
				SDKROOT = iphoneos;
				SWIFT_COMPILATION_MODE = wholemodule;
				SWIFT_OPTIMIZATION_LEVEL = "-O";
				VALIDATE_PRODUCT = YES;
			};
			name = Release;
		};
		A4C07AB1292D114C00017FD0 /* Debug */ = {
			isa = XCBuildConfiguration;
			buildSettings = {
				ASSETCATALOG_COMPILER_APPICON_NAME = AppIcon;
				ASSETCATALOG_COMPILER_GLOBAL_ACCENT_COLOR_NAME = AccentColor;
				CODE_SIGN_STYLE = Automatic;
				CURRENT_PROJECT_VERSION = 1;
				DEVELOPMENT_TEAM = 5588KM8TT5;
				GENERATE_INFOPLIST_FILE = YES;
				INFOPLIST_FILE = "BMI Calculator/Info.plist";
				INFOPLIST_KEY_UIApplicationSupportsIndirectInputEvents = YES;
				INFOPLIST_KEY_UILaunchStoryboardName = LaunchScreen;
				INFOPLIST_KEY_UIMainStoryboardFile = Main;
				INFOPLIST_KEY_UISupportedInterfaceOrientations_iPad = "UIInterfaceOrientationPortrait UIInterfaceOrientationPortraitUpsideDown UIInterfaceOrientationLandscapeLeft UIInterfaceOrientationLandscapeRight";
				INFOPLIST_KEY_UISupportedInterfaceOrientations_iPhone = "UIInterfaceOrientationPortrait UIInterfaceOrientationLandscapeLeft UIInterfaceOrientationLandscapeRight";
				LD_RUNPATH_SEARCH_PATHS = (
					"$(inherited)",
					"@executable_path/Frameworks",
				);
				MARKETING_VERSION = 1.0;
				PRODUCT_BUNDLE_IDENTIFIER = "co.com.jml.BMI-Calculator";
				PRODUCT_NAME = "$(TARGET_NAME)";
				SWIFT_EMIT_LOC_STRINGS = YES;
				SWIFT_VERSION = 5.0;
				TARGETED_DEVICE_FAMILY = "1,2";
			};
			name = Debug;
		};
		A4C07AB2292D114C00017FD0 /* Release */ = {
			isa = XCBuildConfiguration;
			buildSettings = {
				ASSETCATALOG_COMPILER_APPICON_NAME = AppIcon;
				ASSETCATALOG_COMPILER_GLOBAL_ACCENT_COLOR_NAME = AccentColor;
				CODE_SIGN_STYLE = Automatic;
				CURRENT_PROJECT_VERSION = 1;
				DEVELOPMENT_TEAM = 5588KM8TT5;
				GENERATE_INFOPLIST_FILE = YES;
				INFOPLIST_FILE = "BMI Calculator/Info.plist";
				INFOPLIST_KEY_UIApplicationSupportsIndirectInputEvents = YES;
				INFOPLIST_KEY_UILaunchStoryboardName = LaunchScreen;
				INFOPLIST_KEY_UIMainStoryboardFile = Main;
				INFOPLIST_KEY_UISupportedInterfaceOrientations_iPad = "UIInterfaceOrientationPortrait UIInterfaceOrientationPortraitUpsideDown UIInterfaceOrientationLandscapeLeft UIInterfaceOrientationLandscapeRight";
				INFOPLIST_KEY_UISupportedInterfaceOrientations_iPhone = "UIInterfaceOrientationPortrait UIInterfaceOrientationLandscapeLeft UIInterfaceOrientationLandscapeRight";
				LD_RUNPATH_SEARCH_PATHS = (
					"$(inherited)",
					"@executable_path/Frameworks",
				);
				MARKETING_VERSION = 1.0;
				PRODUCT_BUNDLE_IDENTIFIER = "co.com.jml.BMI-Calculator";
				PRODUCT_NAME = "$(TARGET_NAME)";
				SWIFT_EMIT_LOC_STRINGS = YES;
				SWIFT_VERSION = 5.0;
				TARGETED_DEVICE_FAMILY = "1,2";
			};
			name = Release;
		};
		A4C07AB4292D114C00017FD0 /* Debug */ = {
			isa = XCBuildConfiguration;
			buildSettings = {
				ALWAYS_EMBED_SWIFT_STANDARD_LIBRARIES = YES;
				BUNDLE_LOADER = "$(TEST_HOST)";
				CODE_SIGN_STYLE = Automatic;
				CURRENT_PROJECT_VERSION = 1;
				DEVELOPMENT_TEAM = 5588KM8TT5;
				GENERATE_INFOPLIST_FILE = YES;
				IPHONEOS_DEPLOYMENT_TARGET = 16.1;
				MARKETING_VERSION = 1.0;
				PRODUCT_BUNDLE_IDENTIFIER = "co.com.jml.BMI-CalculatorTests";
				PRODUCT_NAME = "$(TARGET_NAME)";
				SWIFT_EMIT_LOC_STRINGS = NO;
				SWIFT_VERSION = 5.0;
				TARGETED_DEVICE_FAMILY = "1,2";
				TEST_HOST = "$(BUILT_PRODUCTS_DIR)/BMI Calculator.app/$(BUNDLE_EXECUTABLE_FOLDER_PATH)/BMI Calculator";
			};
			name = Debug;
		};
		A4C07AB5292D114C00017FD0 /* Release */ = {
			isa = XCBuildConfiguration;
			buildSettings = {
				ALWAYS_EMBED_SWIFT_STANDARD_LIBRARIES = YES;
				BUNDLE_LOADER = "$(TEST_HOST)";
				CODE_SIGN_STYLE = Automatic;
				CURRENT_PROJECT_VERSION = 1;
				DEVELOPMENT_TEAM = 5588KM8TT5;
				GENERATE_INFOPLIST_FILE = YES;
				IPHONEOS_DEPLOYMENT_TARGET = 16.1;
				MARKETING_VERSION = 1.0;
				PRODUCT_BUNDLE_IDENTIFIER = "co.com.jml.BMI-CalculatorTests";
				PRODUCT_NAME = "$(TARGET_NAME)";
				SWIFT_EMIT_LOC_STRINGS = NO;
				SWIFT_VERSION = 5.0;
				TARGETED_DEVICE_FAMILY = "1,2";
				TEST_HOST = "$(BUILT_PRODUCTS_DIR)/BMI Calculator.app/$(BUNDLE_EXECUTABLE_FOLDER_PATH)/BMI Calculator";
			};
			name = Release;
		};
		A4C07AB7292D114C00017FD0 /* Debug */ = {
			isa = XCBuildConfiguration;
			buildSettings = {
				ALWAYS_EMBED_SWIFT_STANDARD_LIBRARIES = YES;
				CODE_SIGN_STYLE = Automatic;
				CURRENT_PROJECT_VERSION = 1;
				DEVELOPMENT_TEAM = 5588KM8TT5;
				GENERATE_INFOPLIST_FILE = YES;
				MARKETING_VERSION = 1.0;
				PRODUCT_BUNDLE_IDENTIFIER = "co.com.jml.BMI-CalculatorUITests";
				PRODUCT_NAME = "$(TARGET_NAME)";
				SWIFT_EMIT_LOC_STRINGS = NO;
				SWIFT_VERSION = 5.0;
				TARGETED_DEVICE_FAMILY = "1,2";
				TEST_TARGET_NAME = "BMI Calculator";
			};
			name = Debug;
		};
		A4C07AB8292D114C00017FD0 /* Release */ = {
			isa = XCBuildConfiguration;
			buildSettings = {
				ALWAYS_EMBED_SWIFT_STANDARD_LIBRARIES = YES;
				CODE_SIGN_STYLE = Automatic;
				CURRENT_PROJECT_VERSION = 1;
				DEVELOPMENT_TEAM = 5588KM8TT5;
				GENERATE_INFOPLIST_FILE = YES;
				MARKETING_VERSION = 1.0;
				PRODUCT_BUNDLE_IDENTIFIER = "co.com.jml.BMI-CalculatorUITests";
				PRODUCT_NAME = "$(TARGET_NAME)";
				SWIFT_EMIT_LOC_STRINGS = NO;
				SWIFT_VERSION = 5.0;
				TARGETED_DEVICE_FAMILY = "1,2";
				TEST_TARGET_NAME = "BMI Calculator";
			};
			name = Release;
		};
/* End XCBuildConfiguration section */

/* Begin XCConfigurationList section */
		A4C07A81292D114A00017FD0 /* Build configuration list for PBXProject "BMI Calculator" */ = {
			isa = XCConfigurationList;
			buildConfigurations = (
				A4C07AAE292D114C00017FD0 /* Debug */,
				A4C07AAF292D114C00017FD0 /* Release */,
			);
			defaultConfigurationIsVisible = 0;
			defaultConfigurationName = Release;
		};
		A4C07AB0292D114C00017FD0 /* Build configuration list for PBXNativeTarget "BMI Calculator" */ = {
			isa = XCConfigurationList;
			buildConfigurations = (
				A4C07AB1292D114C00017FD0 /* Debug */,
				A4C07AB2292D114C00017FD0 /* Release */,
			);
			defaultConfigurationIsVisible = 0;
			defaultConfigurationName = Release;
		};
		A4C07AB3292D114C00017FD0 /* Build configuration list for PBXNativeTarget "BMI CalculatorTests" */ = {
			isa = XCConfigurationList;
			buildConfigurations = (
				A4C07AB4292D114C00017FD0 /* Debug */,
				A4C07AB5292D114C00017FD0 /* Release */,
			);
			defaultConfigurationIsVisible = 0;
			defaultConfigurationName = Release;
		};
		A4C07AB6292D114C00017FD0 /* Build configuration list for PBXNativeTarget "BMI CalculatorUITests" */ = {
			isa = XCConfigurationList;
			buildConfigurations = (
				A4C07AB7292D114C00017FD0 /* Debug */,
				A4C07AB8292D114C00017FD0 /* Release */,
			);
			defaultConfigurationIsVisible = 0;
			defaultConfigurationName = Release;
		};
/* End XCConfigurationList section */
	};
	rootObject = A4C07A7E292D114A00017FD0 /* Project object */;
}
