// !$*UTF8*$!
{
	archiveVersion = 1;
	classes = {
	};
	objectVersion = 56;
	objects = {

/* Begin PBXBuildFile section */
		A41FE3EB294A21CD0098CA77 /* Reto_FinalApp.swift in Sources */ = {isa = PBXBuildFile; fileRef = A41FE3EA294A21CD0098CA77 /* Reto_FinalApp.swift */; };
		A41FE3ED294A21CD0098CA77 /* LoginView.swift in Sources */ = {isa = PBXBuildFile; fileRef = A41FE3EC294A21CD0098CA77 /* LoginView.swift */; };
		A41FE3EF294A21CF0098CA77 /* Assets.xcassets in Resources */ = {isa = PBXBuildFile; fileRef = A41FE3EE294A21CF0098CA77 /* Assets.xcassets */; };
		A41FE3F2294A21CF0098CA77 /* Preview Assets.xcassets in Resources */ = {isa = PBXBuildFile; fileRef = A41FE3F1294A21CF0098CA77 /* Preview Assets.xcassets */; };
		A43AD1D12959F948001A8754 /* EmailValidator.swift in Sources */ = {isa = PBXBuildFile; fileRef = A43AD1D02959F948001A8754 /* EmailValidator.swift */; };
		A43AD1D32959F982001A8754 /* UserSettings.swift in Sources */ = {isa = PBXBuildFile; fileRef = A43AD1D22959F982001A8754 /* UserSettings.swift */; };
		A43C244C294FBB49003F0277 /* OfficesData.swift in Sources */ = {isa = PBXBuildFile; fileRef = A43C244B294FBB49003F0277 /* OfficesData.swift */; };
		A4400D8C294F56410042D671 /* MenuViewModel.swift in Sources */ = {isa = PBXBuildFile; fileRef = A4400D8B294F56410042D671 /* MenuViewModel.swift */; };
		A4400D8E294F56A70042D671 /* UserData.swift in Sources */ = {isa = PBXBuildFile; fileRef = A4400D8D294F56A70042D671 /* UserData.swift */; };
		A4400D91294F57450042D671 /* SendDocumentsView.swift in Sources */ = {isa = PBXBuildFile; fileRef = A4400D90294F57450042D671 /* SendDocumentsView.swift */; };
		A4400D93294F57690042D671 /* SendDocumentsViewModel.swift in Sources */ = {isa = PBXBuildFile; fileRef = A4400D92294F57690042D671 /* SendDocumentsViewModel.swift */; };
		A4400D96294F57ED0042D671 /* ViewDocumentsView.swift in Sources */ = {isa = PBXBuildFile; fileRef = A4400D95294F57ED0042D671 /* ViewDocumentsView.swift */; };
		A4400D98294F580B0042D671 /* ViewDocumentsViewModel.swift in Sources */ = {isa = PBXBuildFile; fileRef = A4400D97294F580B0042D671 /* ViewDocumentsViewModel.swift */; };
		A4400D9B294F58350042D671 /* OfficesView.swift in Sources */ = {isa = PBXBuildFile; fileRef = A4400D9A294F58350042D671 /* OfficesView.swift */; };
		A4400D9D294F58760042D671 /* OfficesViewModel.swift in Sources */ = {isa = PBXBuildFile; fileRef = A4400D9C294F58760042D671 /* OfficesViewModel.swift */; };
		A4418E0B295F04E10086FC7B /* DropdownNavigationMenuVM.swift in Sources */ = {isa = PBXBuildFile; fileRef = A4418E0A295F04E10086FC7B /* DropdownNavigationMenuVM.swift */; };
		A453F7DE2955041100A31174 /* UserModel.swift in Sources */ = {isa = PBXBuildFile; fileRef = A453F7DD2955041100A31174 /* UserModel.swift */; };
		A48F46FA294BB8E100F2F8C3 /* MenuView.swift in Sources */ = {isa = PBXBuildFile; fileRef = A48F46F9294BB8E100F2F8C3 /* MenuView.swift */; };
		A491F2A52952A84300EF1FC0 /* NetworkService.swift in Sources */ = {isa = PBXBuildFile; fileRef = A491F2A42952A84300EF1FC0 /* NetworkService.swift */; };
		A4CCBF8F294E3007009DBE5F /* LoginViewModel.swift in Sources */ = {isa = PBXBuildFile; fileRef = A4CCBF8E294E3007009DBE5F /* LoginViewModel.swift */; };
		A4F7E1A8295B14AA009FF094 /* DropdownNavigationMenu.swift in Sources */ = {isa = PBXBuildFile; fileRef = A4F7E1A7295B14AA009FF094 /* DropdownNavigationMenu.swift */; };
		A4F9B609295E2F9E00BB3F3A /* CustomMenuBar.swift in Sources */ = {isa = PBXBuildFile; fileRef = A4F9B608295E2F9E00BB3F3A /* CustomMenuBar.swift */; };
/* End PBXBuildFile section */

/* Begin PBXFileReference section */
		A41FE3E7294A21CD0098CA77 /* Reto_Final.app */ = {isa = PBXFileReference; explicitFileType = wrapper.application; includeInIndex = 0; path = Reto_Final.app; sourceTree = BUILT_PRODUCTS_DIR; };
		A41FE3EA294A21CD0098CA77 /* Reto_FinalApp.swift */ = {isa = PBXFileReference; lastKnownFileType = sourcecode.swift; path = Reto_FinalApp.swift; sourceTree = "<group>"; };
		A41FE3EC294A21CD0098CA77 /* LoginView.swift */ = {isa = PBXFileReference; lastKnownFileType = sourcecode.swift; path = LoginView.swift; sourceTree = "<group>"; };
		A41FE3EE294A21CF0098CA77 /* Assets.xcassets */ = {isa = PBXFileReference; lastKnownFileType = folder.assetcatalog; path = Assets.xcassets; sourceTree = "<group>"; };
		A41FE3F1294A21CF0098CA77 /* Preview Assets.xcassets */ = {isa = PBXFileReference; lastKnownFileType = folder.assetcatalog; path = "Preview Assets.xcassets"; sourceTree = "<group>"; };
		A43AD1D02959F948001A8754 /* EmailValidator.swift */ = {isa = PBXFileReference; lastKnownFileType = sourcecode.swift; path = EmailValidator.swift; sourceTree = "<group>"; };
		A43AD1D22959F982001A8754 /* UserSettings.swift */ = {isa = PBXFileReference; lastKnownFileType = sourcecode.swift; path = UserSettings.swift; sourceTree = "<group>"; };
		A43AD1D4295A1C7D001A8754 /* Reto-Final-Info.plist */ = {isa = PBXFileReference; lastKnownFileType = text.plist; path = "Reto-Final-Info.plist"; sourceTree = SOURCE_ROOT; };
		A43C244B294FBB49003F0277 /* OfficesData.swift */ = {isa = PBXFileReference; lastKnownFileType = sourcecode.swift; path = OfficesData.swift; sourceTree = "<group>"; };
		A4400D8B294F56410042D671 /* MenuViewModel.swift */ = {isa = PBXFileReference; lastKnownFileType = sourcecode.swift; path = MenuViewModel.swift; sourceTree = "<group>"; };
		A4400D8D294F56A70042D671 /* UserData.swift */ = {isa = PBXFileReference; lastKnownFileType = sourcecode.swift; path = UserData.swift; sourceTree = "<group>"; };
		A4400D90294F57450042D671 /* SendDocumentsView.swift */ = {isa = PBXFileReference; lastKnownFileType = sourcecode.swift; path = SendDocumentsView.swift; sourceTree = "<group>"; };
		A4400D92294F57690042D671 /* SendDocumentsViewModel.swift */ = {isa = PBXFileReference; lastKnownFileType = sourcecode.swift; path = SendDocumentsViewModel.swift; sourceTree = "<group>"; };
		A4400D95294F57ED0042D671 /* ViewDocumentsView.swift */ = {isa = PBXFileReference; lastKnownFileType = sourcecode.swift; path = ViewDocumentsView.swift; sourceTree = "<group>"; };
		A4400D97294F580B0042D671 /* ViewDocumentsViewModel.swift */ = {isa = PBXFileReference; lastKnownFileType = sourcecode.swift; path = ViewDocumentsViewModel.swift; sourceTree = "<group>"; };
		A4400D9A294F58350042D671 /* OfficesView.swift */ = {isa = PBXFileReference; lastKnownFileType = sourcecode.swift; path = OfficesView.swift; sourceTree = "<group>"; };
		A4400D9C294F58760042D671 /* OfficesViewModel.swift */ = {isa = PBXFileReference; lastKnownFileType = sourcecode.swift; path = OfficesViewModel.swift; sourceTree = "<group>"; };
		A4418E0A295F04E10086FC7B /* DropdownNavigationMenuVM.swift */ = {isa = PBXFileReference; lastKnownFileType = sourcecode.swift; path = DropdownNavigationMenuVM.swift; sourceTree = "<group>"; };
		A453F7DD2955041100A31174 /* UserModel.swift */ = {isa = PBXFileReference; lastKnownFileType = sourcecode.swift; path = UserModel.swift; sourceTree = "<group>"; };
		A48F46F9294BB8E100F2F8C3 /* MenuView.swift */ = {isa = PBXFileReference; lastKnownFileType = sourcecode.swift; path = MenuView.swift; sourceTree = "<group>"; };
		A491F2A42952A84300EF1FC0 /* NetworkService.swift */ = {isa = PBXFileReference; lastKnownFileType = sourcecode.swift; path = NetworkService.swift; sourceTree = "<group>"; };
		A4CCBF8E294E3007009DBE5F /* LoginViewModel.swift */ = {isa = PBXFileReference; lastKnownFileType = sourcecode.swift; path = LoginViewModel.swift; sourceTree = "<group>"; };
		A4F7E1A7295B14AA009FF094 /* DropdownNavigationMenu.swift */ = {isa = PBXFileReference; lastKnownFileType = sourcecode.swift; path = DropdownNavigationMenu.swift; sourceTree = "<group>"; };
		A4F9B608295E2F9E00BB3F3A /* CustomMenuBar.swift */ = {isa = PBXFileReference; lastKnownFileType = sourcecode.swift; path = CustomMenuBar.swift; sourceTree = "<group>"; };
/* End PBXFileReference section */

/* Begin PBXFrameworksBuildPhase section */
		A41FE3E4294A21CD0098CA77 /* Frameworks */ = {
			isa = PBXFrameworksBuildPhase;
			buildActionMask = 2147483647;
			files = (
			);
			runOnlyForDeploymentPostprocessing = 0;
		};
/* End PBXFrameworksBuildPhase section */

/* Begin PBXGroup section */
		A401DC5F2952790500515B01 /* Views */ = {
			isa = PBXGroup;
			children = (
				A41FE3EC294A21CD0098CA77 /* LoginView.swift */,
				A48F46F9294BB8E100F2F8C3 /* MenuView.swift */,
				A4400D90294F57450042D671 /* SendDocumentsView.swift */,
				A4400D95294F57ED0042D671 /* ViewDocumentsView.swift */,
				A4400D9A294F58350042D671 /* OfficesView.swift */,
				A4F7E1A7295B14AA009FF094 /* DropdownNavigationMenu.swift */,
				A4F9B608295E2F9E00BB3F3A /* CustomMenuBar.swift */,
			);
			path = Views;
			sourceTree = "<group>";
		};
		A401DC602952791C00515B01 /* ViewModels */ = {
			isa = PBXGroup;
			children = (
				A4CCBF8E294E3007009DBE5F /* LoginViewModel.swift */,
				A4400D8B294F56410042D671 /* MenuViewModel.swift */,
				A4400D92294F57690042D671 /* SendDocumentsViewModel.swift */,
				A4400D97294F580B0042D671 /* ViewDocumentsViewModel.swift */,
				A4400D9C294F58760042D671 /* OfficesViewModel.swift */,
				A4418E0A295F04E10086FC7B /* DropdownNavigationMenuVM.swift */,
			);
			path = ViewModels;
			sourceTree = "<group>";
		};
		A41FE3DE294A21CD0098CA77 = {
			isa = PBXGroup;
			children = (
				A41FE3E9294A21CD0098CA77 /* Reto_Final */,
				A41FE3E8294A21CD0098CA77 /* Products */,
			);
			sourceTree = "<group>";
		};
		A41FE3E8294A21CD0098CA77 /* Products */ = {
			isa = PBXGroup;
			children = (
				A41FE3E7294A21CD0098CA77 /* Reto_Final.app */,
			);
			name = Products;
			sourceTree = "<group>";
		};
		A41FE3E9294A21CD0098CA77 /* Reto_Final */ = {
			isa = PBXGroup;
			children = (
				A43AD1D4295A1C7D001A8754 /* Reto-Final-Info.plist */,
				A41FE3EA294A21CD0098CA77 /* Reto_FinalApp.swift */,
				A401DC5F2952790500515B01 /* Views */,
				A401DC602952791C00515B01 /* ViewModels */,
				A41FE3FA294A24640098CA77 /* Model */,
				A41FE3EE294A21CF0098CA77 /* Assets.xcassets */,
				A41FE3F0294A21CF0098CA77 /* Preview Content */,
			);
			path = Reto_Final;
			sourceTree = "<group>";
		};
		A41FE3F0294A21CF0098CA77 /* Preview Content */ = {
			isa = PBXGroup;
			children = (
				A41FE3F1294A21CF0098CA77 /* Preview Assets.xcassets */,
			);
			path = "Preview Content";
			sourceTree = "<group>";
		};
		A41FE3FA294A24640098CA77 /* Model */ = {
			isa = PBXGroup;
			children = (
				A491F2A42952A84300EF1FC0 /* NetworkService.swift */,
				A4400D8D294F56A70042D671 /* UserData.swift */,
				A43C244B294FBB49003F0277 /* OfficesData.swift */,
				A453F7DD2955041100A31174 /* UserModel.swift */,
				A43AD1D02959F948001A8754 /* EmailValidator.swift */,
				A43AD1D22959F982001A8754 /* UserSettings.swift */,
			);
			path = Model;
			sourceTree = "<group>";
		};
/* End PBXGroup section */

/* Begin PBXNativeTarget section */
		A41FE3E6294A21CD0098CA77 /* Reto_Final */ = {
			isa = PBXNativeTarget;
			buildConfigurationList = A41FE3F5294A21CF0098CA77 /* Build configuration list for PBXNativeTarget "Reto_Final" */;
			buildPhases = (
				A41FE3E3294A21CD0098CA77 /* Sources */,
				A41FE3E4294A21CD0098CA77 /* Frameworks */,
				A41FE3E5294A21CD0098CA77 /* Resources */,
			);
			buildRules = (
			);
			dependencies = (
			);
			name = Reto_Final;
			productName = Reto_Final;
			productReference = A41FE3E7294A21CD0098CA77 /* Reto_Final.app */;
			productType = "com.apple.product-type.application";
		};
/* End PBXNativeTarget section */

/* Begin PBXProject section */
		A41FE3DF294A21CD0098CA77 /* Project object */ = {
			isa = PBXProject;
			attributes = {
				BuildIndependentTargetsInParallel = 1;
				LastSwiftUpdateCheck = 1410;
				LastUpgradeCheck = 1410;
				TargetAttributes = {
					A41FE3E6294A21CD0098CA77 = {
						CreatedOnToolsVersion = 14.1;
					};
				};
			};
			buildConfigurationList = A41FE3E2294A21CD0098CA77 /* Build configuration list for PBXProject "Reto_Final" */;
			compatibilityVersion = "Xcode 14.0";
			developmentRegion = en;
			hasScannedForEncodings = 0;
			knownRegions = (
				en,
				Base,
			);
			mainGroup = A41FE3DE294A21CD0098CA77;
			productRefGroup = A41FE3E8294A21CD0098CA77 /* Products */;
			projectDirPath = "";
			projectRoot = "";
			targets = (
				A41FE3E6294A21CD0098CA77 /* Reto_Final */,
			);
		};
/* End PBXProject section */

/* Begin PBXResourcesBuildPhase section */
		A41FE3E5294A21CD0098CA77 /* Resources */ = {
			isa = PBXResourcesBuildPhase;
			buildActionMask = 2147483647;
			files = (
				A41FE3F2294A21CF0098CA77 /* Preview Assets.xcassets in Resources */,
				A41FE3EF294A21CF0098CA77 /* Assets.xcassets in Resources */,
			);
			runOnlyForDeploymentPostprocessing = 0;
		};
/* End PBXResourcesBuildPhase section */

/* Begin PBXSourcesBuildPhase section */
		A41FE3E3294A21CD0098CA77 /* Sources */ = {
			isa = PBXSourcesBuildPhase;
			buildActionMask = 2147483647;
			files = (
				A4400D96294F57ED0042D671 /* ViewDocumentsView.swift in Sources */,
				A4400D9B294F58350042D671 /* OfficesView.swift in Sources */,
				A4400D98294F580B0042D671 /* ViewDocumentsViewModel.swift in Sources */,
				A4400D9D294F58760042D671 /* OfficesViewModel.swift in Sources */,
				A4400D91294F57450042D671 /* SendDocumentsView.swift in Sources */,
				A4F7E1A8295B14AA009FF094 /* DropdownNavigationMenu.swift in Sources */,
				A41FE3ED294A21CD0098CA77 /* LoginView.swift in Sources */,
				A48F46FA294BB8E100F2F8C3 /* MenuView.swift in Sources */,
				A4400D8C294F56410042D671 /* MenuViewModel.swift in Sources */,
				A43C244C294FBB49003F0277 /* OfficesData.swift in Sources */,
				A453F7DE2955041100A31174 /* UserModel.swift in Sources */,
				A4CCBF8F294E3007009DBE5F /* LoginViewModel.swift in Sources */,
				A491F2A52952A84300EF1FC0 /* NetworkService.swift in Sources */,
				A4400D93294F57690042D671 /* SendDocumentsViewModel.swift in Sources */,
				A43AD1D12959F948001A8754 /* EmailValidator.swift in Sources */,
				A41FE3EB294A21CD0098CA77 /* Reto_FinalApp.swift in Sources */,
				A4F9B609295E2F9E00BB3F3A /* CustomMenuBar.swift in Sources */,
				A4400D8E294F56A70042D671 /* UserData.swift in Sources */,
				A4418E0B295F04E10086FC7B /* DropdownNavigationMenuVM.swift in Sources */,
				A43AD1D32959F982001A8754 /* UserSettings.swift in Sources */,
			);
			runOnlyForDeploymentPostprocessing = 0;
		};
/* End PBXSourcesBuildPhase section */

/* Begin XCBuildConfiguration section */
		A41FE3F3294A21CF0098CA77 /* Debug */ = {
			isa = XCBuildConfiguration;
			buildSettings = {
				ALWAYS_SEARCH_USER_PATHS = NO;
				CLANG_ANALYZER_NONNULL = YES;
				CLANG_ANALYZER_NUMBER_OBJECT_CONVERSION = YES_AGGRESSIVE;
				CLANG_CXX_LANGUAGE_STANDARD = "gnu++20";
				CLANG_ENABLE_MODULES = YES;
				CLANG_ENABLE_OBJC_ARC = YES;
				CLANG_ENABLE_OBJC_WEAK = YES;
				CLANG_WARN_BLOCK_CAPTURE_AUTORELEASING = YES;
				CLANG_WARN_BOOL_CONVERSION = YES;
				CLANG_WARN_COMMA = YES;
				CLANG_WARN_CONSTANT_CONVERSION = YES;
				CLANG_WARN_DEPRECATED_OBJC_IMPLEMENTATIONS = YES;
				CLANG_WARN_DIRECT_OBJC_ISA_USAGE = YES_ERROR;
				CLANG_WARN_DOCUMENTATION_COMMENTS = YES;
				CLANG_WARN_EMPTY_BODY = YES;
				CLANG_WARN_ENUM_CONVERSION = YES;
				CLANG_WARN_INFINITE_RECURSION = YES;
				CLANG_WARN_INT_CONVERSION = YES;
				CLANG_WARN_NON_LITERAL_NULL_CONVERSION = YES;
				CLANG_WARN_OBJC_IMPLICIT_RETAIN_SELF = YES;
				CLANG_WARN_OBJC_LITERAL_CONVERSION = YES;
				CLANG_WARN_OBJC_ROOT_CLASS = YES_ERROR;
				CLANG_WARN_QUOTED_INCLUDE_IN_FRAMEWORK_HEADER = YES;
				CLANG_WARN_RANGE_LOOP_ANALYSIS = YES;
				CLANG_WARN_STRICT_PROTOTYPES = YES;
				CLANG_WARN_SUSPICIOUS_MOVE = YES;
				CLANG_WARN_UNGUARDED_AVAILABILITY = YES_AGGRESSIVE;
				CLANG_WARN_UNREACHABLE_CODE = YES;
				CLANG_WARN__DUPLICATE_METHOD_MATCH = YES;
				COPY_PHASE_STRIP = NO;
				DEBUG_INFORMATION_FORMAT = dwarf;
				ENABLE_STRICT_OBJC_MSGSEND = YES;
				ENABLE_TESTABILITY = YES;
				GCC_C_LANGUAGE_STANDARD = gnu11;
				GCC_DYNAMIC_NO_PIC = NO;
				GCC_NO_COMMON_BLOCKS = YES;
				GCC_OPTIMIZATION_LEVEL = 0;
				GCC_PREPROCESSOR_DEFINITIONS = (
					"DEBUG=1",
					"$(inherited)",
				);
				GCC_WARN_64_TO_32_BIT_CONVERSION = YES;
				GCC_WARN_ABOUT_RETURN_TYPE = YES_ERROR;
				GCC_WARN_UNDECLARED_SELECTOR = YES;
				GCC_WARN_UNINITIALIZED_AUTOS = YES_AGGRESSIVE;
				GCC_WARN_UNUSED_FUNCTION = YES;
				GCC_WARN_UNUSED_VARIABLE = YES;
				IPHONEOS_DEPLOYMENT_TARGET = 15.6;
				MTL_ENABLE_DEBUG_INFO = INCLUDE_SOURCE;
				MTL_FAST_MATH = YES;
				ONLY_ACTIVE_ARCH = YES;
				SDKROOT = iphoneos;
				SWIFT_ACTIVE_COMPILATION_CONDITIONS = DEBUG;
				SWIFT_OPTIMIZATION_LEVEL = "-Onone";
			};
			name = Debug;
		};
		A41FE3F4294A21CF0098CA77 /* Release */ = {
			isa = XCBuildConfiguration;
			buildSettings = {
				ALWAYS_SEARCH_USER_PATHS = NO;
				CLANG_ANALYZER_NONNULL = YES;
				CLANG_ANALYZER_NUMBER_OBJECT_CONVERSION = YES_AGGRESSIVE;
				CLANG_CXX_LANGUAGE_STANDARD = "gnu++20";
				CLANG_ENABLE_MODULES = YES;
				CLANG_ENABLE_OBJC_ARC = YES;
				CLANG_ENABLE_OBJC_WEAK = YES;
				CLANG_WARN_BLOCK_CAPTURE_AUTORELEASING = YES;
				CLANG_WARN_BOOL_CONVERSION = YES;
				CLANG_WARN_COMMA = YES;
				CLANG_WARN_CONSTANT_CONVERSION = YES;
				CLANG_WARN_DEPRECATED_OBJC_IMPLEMENTATIONS = YES;
				CLANG_WARN_DIRECT_OBJC_ISA_USAGE = YES_ERROR;
				CLANG_WARN_DOCUMENTATION_COMMENTS = YES;
				CLANG_WARN_EMPTY_BODY = YES;
				CLANG_WARN_ENUM_CONVERSION = YES;
				CLANG_WARN_INFINITE_RECURSION = YES;
				CLANG_WARN_INT_CONVERSION = YES;
				CLANG_WARN_NON_LITERAL_NULL_CONVERSION = YES;
				CLANG_WARN_OBJC_IMPLICIT_RETAIN_SELF = YES;
				CLANG_WARN_OBJC_LITERAL_CONVERSION = YES;
				CLANG_WARN_OBJC_ROOT_CLASS = YES_ERROR;
				CLANG_WARN_QUOTED_INCLUDE_IN_FRAMEWORK_HEADER = YES;
				CLANG_WARN_RANGE_LOOP_ANALYSIS = YES;
				CLANG_WARN_STRICT_PROTOTYPES = YES;
				CLANG_WARN_SUSPICIOUS_MOVE = YES;
				CLANG_WARN_UNGUARDED_AVAILABILITY = YES_AGGRESSIVE;
				CLANG_WARN_UNREACHABLE_CODE = YES;
				CLANG_WARN__DUPLICATE_METHOD_MATCH = YES;
				COPY_PHASE_STRIP = NO;
				DEBUG_INFORMATION_FORMAT = "dwarf-with-dsym";
				ENABLE_NS_ASSERTIONS = NO;
				ENABLE_STRICT_OBJC_MSGSEND = YES;
				GCC_C_LANGUAGE_STANDARD = gnu11;
				GCC_NO_COMMON_BLOCKS = YES;
				GCC_WARN_64_TO_32_BIT_CONVERSION = YES;
				GCC_WARN_ABOUT_RETURN_TYPE = YES_ERROR;
				GCC_WARN_UNDECLARED_SELECTOR = YES;
				GCC_WARN_UNINITIALIZED_AUTOS = YES_AGGRESSIVE;
				GCC_WARN_UNUSED_FUNCTION = YES;
				GCC_WARN_UNUSED_VARIABLE = YES;
				IPHONEOS_DEPLOYMENT_TARGET = 15.6;
				MTL_ENABLE_DEBUG_INFO = NO;
				MTL_FAST_MATH = YES;
				SDKROOT = iphoneos;
				SWIFT_COMPILATION_MODE = wholemodule;
				SWIFT_OPTIMIZATION_LEVEL = "-O";
				VALIDATE_PRODUCT = YES;
			};
			name = Release;
		};
		A41FE3F6294A21CF0098CA77 /* Debug */ = {
			isa = XCBuildConfiguration;
			buildSettings = {
				ASSETCATALOG_COMPILER_APPICON_NAME = AppIcon;
				ASSETCATALOG_COMPILER_GLOBAL_ACCENT_COLOR_NAME = AccentColor;
				CODE_SIGN_STYLE = Automatic;
				CURRENT_PROJECT_VERSION = 1;
				DEVELOPMENT_ASSET_PATHS = "\"Reto_Final/Preview Content\"";
				DEVELOPMENT_TEAM = 5588KM8TT5;
				ENABLE_PREVIEWS = YES;
				GENERATE_INFOPLIST_FILE = YES;
				INFOPLIST_FILE = "Reto-Final-Info.plist";
				INFOPLIST_KEY_NSFaceIDUsageDescription = "Para acceder a la aplicación utilizando datos biométricos.";
				INFOPLIST_KEY_UIApplicationSceneManifest_Generation = YES;
				INFOPLIST_KEY_UIApplicationSupportsIndirectInputEvents = YES;
				INFOPLIST_KEY_UILaunchScreen_Generation = YES;
				INFOPLIST_KEY_UISupportedInterfaceOrientations_iPad = "UIInterfaceOrientationPortrait UIInterfaceOrientationPortraitUpsideDown UIInterfaceOrientationLandscapeLeft UIInterfaceOrientationLandscapeRight";
				INFOPLIST_KEY_UISupportedInterfaceOrientations_iPhone = "UIInterfaceOrientationPortrait UIInterfaceOrientationLandscapeLeft UIInterfaceOrientationLandscapeRight";
				IPHONEOS_DEPLOYMENT_TARGET = 15.6;
				LD_RUNPATH_SEARCH_PATHS = (
					"$(inherited)",
					"@executable_path/Frameworks",
				);
				MARKETING_VERSION = 1.0;
				PRODUCT_BUNDLE_IDENTIFIER = "co.com.jml.Reto-Final";
				PRODUCT_NAME = "$(TARGET_NAME)";
				SWIFT_EMIT_LOC_STRINGS = YES;
				SWIFT_VERSION = 5.0;
				TARGETED_DEVICE_FAMILY = "1,2";
			};
			name = Debug;
		};
		A41FE3F7294A21CF0098CA77 /* Release */ = {
			isa = XCBuildConfiguration;
			buildSettings = {
				ASSETCATALOG_COMPILER_APPICON_NAME = AppIcon;
				ASSETCATALOG_COMPILER_GLOBAL_ACCENT_COLOR_NAME = AccentColor;
				CODE_SIGN_STYLE = Automatic;
				CURRENT_PROJECT_VERSION = 1;
				DEVELOPMENT_ASSET_PATHS = "\"Reto_Final/Preview Content\"";
				DEVELOPMENT_TEAM = 5588KM8TT5;
				ENABLE_PREVIEWS = YES;
				GENERATE_INFOPLIST_FILE = YES;
				INFOPLIST_FILE = "Reto-Final-Info.plist";
				INFOPLIST_KEY_NSFaceIDUsageDescription = "Para acceder a la aplicación utilizando datos biométricos.";
				INFOPLIST_KEY_UIApplicationSceneManifest_Generation = YES;
				INFOPLIST_KEY_UIApplicationSupportsIndirectInputEvents = YES;
				INFOPLIST_KEY_UILaunchScreen_Generation = YES;
				INFOPLIST_KEY_UISupportedInterfaceOrientations_iPad = "UIInterfaceOrientationPortrait UIInterfaceOrientationPortraitUpsideDown UIInterfaceOrientationLandscapeLeft UIInterfaceOrientationLandscapeRight";
				INFOPLIST_KEY_UISupportedInterfaceOrientations_iPhone = "UIInterfaceOrientationPortrait UIInterfaceOrientationLandscapeLeft UIInterfaceOrientationLandscapeRight";
				IPHONEOS_DEPLOYMENT_TARGET = 15.6;
				LD_RUNPATH_SEARCH_PATHS = (
					"$(inherited)",
					"@executable_path/Frameworks",
				);
				MARKETING_VERSION = 1.0;
				PRODUCT_BUNDLE_IDENTIFIER = "co.com.jml.Reto-Final";
				PRODUCT_NAME = "$(TARGET_NAME)";
				SWIFT_EMIT_LOC_STRINGS = YES;
				SWIFT_VERSION = 5.0;
				TARGETED_DEVICE_FAMILY = "1,2";
			};
			name = Release;
		};
/* End XCBuildConfiguration section */

/* Begin XCConfigurationList section */
		A41FE3E2294A21CD0098CA77 /* Build configuration list for PBXProject "Reto_Final" */ = {
			isa = XCConfigurationList;
			buildConfigurations = (
				A41FE3F3294A21CF0098CA77 /* Debug */,
				A41FE3F4294A21CF0098CA77 /* Release */,
			);
			defaultConfigurationIsVisible = 0;
			defaultConfigurationName = Release;
		};
		A41FE3F5294A21CF0098CA77 /* Build configuration list for PBXNativeTarget "Reto_Final" */ = {
			isa = XCConfigurationList;
			buildConfigurations = (
				A41FE3F6294A21CF0098CA77 /* Debug */,
				A41FE3F7294A21CF0098CA77 /* Release */,
			);
			defaultConfigurationIsVisible = 0;
			defaultConfigurationName = Release;
		};
/* End XCConfigurationList section */
	};
	rootObject = A41FE3DF294A21CD0098CA77 /* Project object */;
}
